{
  "requires": true,
  "lockfileVersion": 1,
  "dependencies": {
    "mongoose-autopopulate": {
      "version": "0.12.3",
      "resolved": "https://registry.npmjs.org/mongoose-autopopulate/-/mongoose-autopopulate-0.12.3.tgz",
      "integrity": "sha512-yNmYsfi6OpS/GQ+48mkB0KQ199ExHmmPrt3wt3fyxPHPMtEBGts7yq3wBQR6VgKCPOQaKvCI1URbJCPOtrPeLw=="
    }
  }
}
